
Microsoft Visual Studio Solution File, Format Version 12.00
# Visual Studio Version 16
VisualStudioVersion = 16.0.29709.97
MinimumVisualStudioVersion = 10.0.40219.1
Project("{FAE04EC0-301F-11D3-BF4B-00C04F79EFBC}") = "lesson4", "lesson4\lesson4.csproj", "{66F516DE-CF77-4436-AE96-5B5E4B97C6C1}"
EndProject
Global
	GlobalSection(SolutionConfigurationPlatforms) = preSolution
		Debug|Any CPU = Debug|Any CPU
		Release|Any CPU = Release|Any CPU
	EndGlobalSection
	GlobalSection(ProjectConfigurationPlatforms) = postSolution
		{66F516DE-CF77-4436-AE96-5B5E4B97C6C1}.Debug|Any CPU.ActiveCfg = Debug|Any CPU
		{66F516DE-CF77-4436-AE96-5B5E4B97C6C1}.Debug|Any CPU.Build.0 = Debug|Any CPU
		{66F516DE-CF77-4436-AE96-5B5E4B97C6C1}.Release|Any CPU.ActiveCfg = Release|Any CPU
		{66F516DE-CF77-4436-AE96-5B5E4B97C6C1}.Release|Any CPU.Build.0 = Release|Any CPU
	EndGlobalSection
	GlobalSection(SolutionProperties) = preSolution
		HideSolutionNode = FALSE
	EndGlobalSection
	GlobalSection(ExtensibilityGlobals) = postSolution
		SolutionGuid = {EF9B51F6-35D3-4D65-B6CA-5DCE91BD5938}
	EndGlobalSection
EndGlobal
